
Microsoft Visual Studio Solution File, Format Version 12.00
# Visual Studio 15
Project("{FAE04EC0-301F-11D3-BF4B-00C04F79EFBC}") = "teamLab_swings.Plugins", "teamLab_swings.Plugins.csproj", "{D909C433-6705-97A5-1F16-75E324F3A46B}"
EndProject
Project("{FAE04EC0-301F-11D3-BF4B-00C04F79EFBC}") = "teamLab_swings", "teamLab_swings.csproj", "{890A9BBB-FE98-E3F2-B8C9-BB7FBA088772}"
EndProject
Global
	GlobalSection(SolutionConfigurationPlatforms) = preSolution
		Debug|Any CPU = Debug|Any CPU
		Release|Any CPU = Release|Any CPU
	EndGlobalSection
	GlobalSection(ProjectConfigurationPlatforms) = postSolution
		{D909C433-6705-97A5-1F16-75E324F3A46B}.Debug|Any CPU.ActiveCfg = Debug|Any CPU
		{D909C433-6705-97A5-1F16-75E324F3A46B}.Debug|Any CPU.Build.0 = Debug|Any CPU
		{D909C433-6705-97A5-1F16-75E324F3A46B}.Release|Any CPU.ActiveCfg = Release|Any CPU
		{D909C433-6705-97A5-1F16-75E324F3A46B}.Release|Any CPU.Build.0 = Release|Any CPU
		{890A9BBB-FE98-E3F2-B8C9-BB7FBA088772}.Debug|Any CPU.ActiveCfg = Debug|Any CPU
		{890A9BBB-FE98-E3F2-B8C9-BB7FBA088772}.Debug|Any CPU.Build.0 = Debug|Any CPU
		{890A9BBB-FE98-E3F2-B8C9-BB7FBA088772}.Release|Any CPU.ActiveCfg = Release|Any CPU
		{890A9BBB-FE98-E3F2-B8C9-BB7FBA088772}.Release|Any CPU.Build.0 = Release|Any CPU
	EndGlobalSection
	GlobalSection(SolutionProperties) = preSolution
		HideSolutionNode = FALSE
	EndGlobalSection
EndGlobal
